
Microsoft Visual Studio Solution File, Format Version 12.00
# Visual Studio Version 17
VisualStudioVersion = 17.0.31903.59
MinimumVisualStudioVersion = 10.0.40219.1
Project("{FAE04EC0-301F-11D3-BF4B-00C04F79EFBC}") = "AuthenticationServer", "AuthenticationServer.csproj", "{103C93BA-11D2-484A-96D2-3177F0B37BFB}"
EndProject
Global
	GlobalSection(SolutionConfigurationPlatforms) = preSolution
		Debug|Any CPU = Debug|Any CPU
		Release|Any CPU = Release|Any CPU
	EndGlobalSection
	GlobalSection(ProjectConfigurationPlatforms) = postSolution
		{103C93BA-11D2-484A-96D2-3177F0B37BFB}.Debug|Any CPU.ActiveCfg = Debug|Any CPU
		{103C93BA-11D2-484A-96D2-3177F0B37BFB}.Debug|Any CPU.Build.0 = Debug|Any CPU
		{103C93BA-11D2-484A-96D2-3177F0B37BFB}.Release|Any CPU.ActiveCfg = Release|Any CPU
		{103C93BA-11D2-484A-96D2-3177F0B37BFB}.Release|Any CPU.Build.0 = Release|Any CPU
	EndGlobalSection
	GlobalSection(SolutionProperties) = preSolution
		HideSolutionNode = FALSE
	EndGlobalSection
	GlobalSection(ExtensibilityGlobals) = postSolution
		SolutionGuid = {D5BC0E76-1CAA-4AA2-B1DA-8FE46D024108}
	EndGlobalSection
EndGlobal
