
Microsoft Visual Studio Solution File, Format Version 12.00
# Visual Studio Version 17
VisualStudioVersion = 17.0.31808.319
MinimumVisualStudioVersion = 10.0.40219.1
Project("{9A19103F-16F7-4668-BE54-9A1E7A4F7556}") = "AuthServer", "AuthServer\AuthServer\AuthServer.csproj", "{BCC9EF3A-6E94-4C27-BDFC-283C8C214E74}"
EndProject
Project("{9A19103F-16F7-4668-BE54-9A1E7A4F7556}") = "EmailService", "AuthServer\EmailService\EmailService.csproj", "{812B1707-3C5D-4482-A1BC-A4C2051E6C7E}"
EndProject
Project("{2150E333-8FDC-42A3-9474-1A3956D46DE8}") = "Services", "Services", "{F4322D15-A1C8-4B30-AFD5-205D4630D346}"
EndProject
Project("{9A19103F-16F7-4668-BE54-9A1E7A4F7556}") = "SportDataAuth.Shared", "AuthServer\SportDataAuth.Shared\SportDataAuth.Shared.csproj", "{13396A14-7F46-4D27-A064-388A564223ED}"
EndProject
Project("{2150E333-8FDC-42A3-9474-1A3956D46DE8}") = "Server", "Server", "{8FB49A9A-07CF-4F89-B8F0-22B0C43D25F0}"
EndProject
Project("{9A19103F-16F7-4668-BE54-9A1E7A4F7556}") = "AuthenticationServer", "IdentityServer4\AuthenticationServer\AuthenticationServer.csproj", "{16421F52-8583-4810-9344-C593F5ACD59A}"
EndProject
Project("{2150E333-8FDC-42A3-9474-1A3956D46DE8}") = "Auth_Server", "Auth_Server", "{138CAF1F-9AFC-43DC-98F2-41658D914407}"
EndProject
Project("{9A19103F-16F7-4668-BE54-9A1E7A4F7556}") = "ApiTwoClient", "IdentityServer4\OIDC\ApiTwoClient\ApiTwoClient.csproj", "{9E44EE7B-E3FA-466D-A4D2-EBE46C62C7D9}"
EndProject
Project("{9A19103F-16F7-4668-BE54-9A1E7A4F7556}") = "ApiOne", "IdentityServer4\OIDC\ApiOne\ApiOne.csproj", "{03FF5120-DC8D-4B7F-87AE-D028057FA1BE}"
EndProject
Project("{9A19103F-16F7-4668-BE54-9A1E7A4F7556}") = "MvcClient", "IdentityServer4\OIDC\MvcClient\MvcClient.csproj", "{2B38A8F0-467A-42A0-BDCF-A61605A3ED5D}"
EndProject
Project("{2150E333-8FDC-42A3-9474-1A3956D46DE8}") = "IdentityServer4", "IdentityServer4", "{97557F8D-2E50-4CD8-805E-75324EDF5D0D}"
EndProject
Project("{9A19103F-16F7-4668-BE54-9A1E7A4F7556}") = "UserAgentClient", "IdentityServer4\UserAgentClient\UserAgentClient.csproj", "{DE8A6987-CED9-41E7-9E95-7F5B0A888F64}"
EndProject
Project("{2150E333-8FDC-42A3-9474-1A3956D46DE8}") = "UserAgent", "UserAgent", "{8F3E742C-316C-4AE1-B5BC-7520AA1082F2}"
EndProject
Project("{2150E333-8FDC-42A3-9474-1A3956D46DE8}") = "OIDC", "OIDC", "{F0E91CEB-2B7F-4F0A-8987-2A1EC831C05C}"
EndProject
Global
	GlobalSection(SolutionConfigurationPlatforms) = preSolution
		Debug|Any CPU = Debug|Any CPU
		Release|Any CPU = Release|Any CPU
	EndGlobalSection
	GlobalSection(ProjectConfigurationPlatforms) = postSolution
		{BCC9EF3A-6E94-4C27-BDFC-283C8C214E74}.Debug|Any CPU.ActiveCfg = Debug|Any CPU
		{BCC9EF3A-6E94-4C27-BDFC-283C8C214E74}.Debug|Any CPU.Build.0 = Debug|Any CPU
		{BCC9EF3A-6E94-4C27-BDFC-283C8C214E74}.Release|Any CPU.ActiveCfg = Release|Any CPU
		{BCC9EF3A-6E94-4C27-BDFC-283C8C214E74}.Release|Any CPU.Build.0 = Release|Any CPU
		{812B1707-3C5D-4482-A1BC-A4C2051E6C7E}.Debug|Any CPU.ActiveCfg = Debug|Any CPU
		{812B1707-3C5D-4482-A1BC-A4C2051E6C7E}.Debug|Any CPU.Build.0 = Debug|Any CPU
		{812B1707-3C5D-4482-A1BC-A4C2051E6C7E}.Release|Any CPU.ActiveCfg = Release|Any CPU
		{812B1707-3C5D-4482-A1BC-A4C2051E6C7E}.Release|Any CPU.Build.0 = Release|Any CPU
		{13396A14-7F46-4D27-A064-388A564223ED}.Debug|Any CPU.ActiveCfg = Debug|Any CPU
		{13396A14-7F46-4D27-A064-388A564223ED}.Debug|Any CPU.Build.0 = Debug|Any CPU
		{13396A14-7F46-4D27-A064-388A564223ED}.Release|Any CPU.ActiveCfg = Release|Any CPU
		{13396A14-7F46-4D27-A064-388A564223ED}.Release|Any CPU.Build.0 = Release|Any CPU
		{16421F52-8583-4810-9344-C593F5ACD59A}.Debug|Any CPU.ActiveCfg = Debug|Any CPU
		{16421F52-8583-4810-9344-C593F5ACD59A}.Debug|Any CPU.Build.0 = Debug|Any CPU
		{16421F52-8583-4810-9344-C593F5ACD59A}.Release|Any CPU.ActiveCfg = Release|Any CPU
		{16421F52-8583-4810-9344-C593F5ACD59A}.Release|Any CPU.Build.0 = Release|Any CPU
		{9E44EE7B-E3FA-466D-A4D2-EBE46C62C7D9}.Debug|Any CPU.ActiveCfg = Debug|Any CPU
		{9E44EE7B-E3FA-466D-A4D2-EBE46C62C7D9}.Debug|Any CPU.Build.0 = Debug|Any CPU
		{9E44EE7B-E3FA-466D-A4D2-EBE46C62C7D9}.Release|Any CPU.ActiveCfg = Release|Any CPU
		{9E44EE7B-E3FA-466D-A4D2-EBE46C62C7D9}.Release|Any CPU.Build.0 = Release|Any CPU
		{03FF5120-DC8D-4B7F-87AE-D028057FA1BE}.Debug|Any CPU.ActiveCfg = Debug|Any CPU
		{03FF5120-DC8D-4B7F-87AE-D028057FA1BE}.Debug|Any CPU.Build.0 = Debug|Any CPU
		{03FF5120-DC8D-4B7F-87AE-D028057FA1BE}.Release|Any CPU.ActiveCfg = Release|Any CPU
		{03FF5120-DC8D-4B7F-87AE-D028057FA1BE}.Release|Any CPU.Build.0 = Release|Any CPU
		{2B38A8F0-467A-42A0-BDCF-A61605A3ED5D}.Debug|Any CPU.ActiveCfg = Debug|Any CPU
		{2B38A8F0-467A-42A0-BDCF-A61605A3ED5D}.Debug|Any CPU.Build.0 = Debug|Any CPU
		{2B38A8F0-467A-42A0-BDCF-A61605A3ED5D}.Release|Any CPU.ActiveCfg = Release|Any CPU
		{2B38A8F0-467A-42A0-BDCF-A61605A3ED5D}.Release|Any CPU.Build.0 = Release|Any CPU
		{DE8A6987-CED9-41E7-9E95-7F5B0A888F64}.Debug|Any CPU.ActiveCfg = Debug|Any CPU
		{DE8A6987-CED9-41E7-9E95-7F5B0A888F64}.Debug|Any CPU.Build.0 = Debug|Any CPU
		{DE8A6987-CED9-41E7-9E95-7F5B0A888F64}.Release|Any CPU.ActiveCfg = Release|Any CPU
		{DE8A6987-CED9-41E7-9E95-7F5B0A888F64}.Release|Any CPU.Build.0 = Release|Any CPU
	EndGlobalSection
	GlobalSection(SolutionProperties) = preSolution
		HideSolutionNode = FALSE
	EndGlobalSection
	GlobalSection(NestedProjects) = preSolution
		{BCC9EF3A-6E94-4C27-BDFC-283C8C214E74} = {8FB49A9A-07CF-4F89-B8F0-22B0C43D25F0}
		{812B1707-3C5D-4482-A1BC-A4C2051E6C7E} = {F4322D15-A1C8-4B30-AFD5-205D4630D346}
		{F4322D15-A1C8-4B30-AFD5-205D4630D346} = {138CAF1F-9AFC-43DC-98F2-41658D914407}
		{13396A14-7F46-4D27-A064-388A564223ED} = {8FB49A9A-07CF-4F89-B8F0-22B0C43D25F0}
		{8FB49A9A-07CF-4F89-B8F0-22B0C43D25F0} = {138CAF1F-9AFC-43DC-98F2-41658D914407}
		{16421F52-8583-4810-9344-C593F5ACD59A} = {97557F8D-2E50-4CD8-805E-75324EDF5D0D}
		{9E44EE7B-E3FA-466D-A4D2-EBE46C62C7D9} = {F0E91CEB-2B7F-4F0A-8987-2A1EC831C05C}
		{03FF5120-DC8D-4B7F-87AE-D028057FA1BE} = {F0E91CEB-2B7F-4F0A-8987-2A1EC831C05C}
		{2B38A8F0-467A-42A0-BDCF-A61605A3ED5D} = {F0E91CEB-2B7F-4F0A-8987-2A1EC831C05C}
		{DE8A6987-CED9-41E7-9E95-7F5B0A888F64} = {8F3E742C-316C-4AE1-B5BC-7520AA1082F2}
		{8F3E742C-316C-4AE1-B5BC-7520AA1082F2} = {97557F8D-2E50-4CD8-805E-75324EDF5D0D}
		{F0E91CEB-2B7F-4F0A-8987-2A1EC831C05C} = {97557F8D-2E50-4CD8-805E-75324EDF5D0D}
	EndGlobalSection
	GlobalSection(ExtensibilityGlobals) = postSolution
		SolutionGuid = {AE6F25AA-68E0-4D7F-B734-9ACB068D75AE}
	EndGlobalSection
EndGlobal
